
Microsoft Visual Studio Solution File, Format Version 12.00
# Visual Studio Version 17
VisualStudioVersion = 17.0.32014.148
MinimumVisualStudioVersion = 10.0.40219.1
Project("{FAE04EC0-301F-11D3-BF4B-00C04F79EFBC}") = "Encryptor", "Encryptor\Encryptor.csproj", "{7EC81300-1328-4B41-B3B4-BE080C23AFFC}"
EndProject
Global
	GlobalSection(SolutionConfigurationPlatforms) = preSolution
		Debug|Any CPU = Debug|Any CPU
		Release|Any CPU = Release|Any CPU
	EndGlobalSection
	GlobalSection(ProjectConfigurationPlatforms) = postSolution
		{7EC81300-1328-4B41-B3B4-BE080C23AFFC}.Debug|Any CPU.ActiveCfg = Debug|Any CPU
		{7EC81300-1328-4B41-B3B4-BE080C23AFFC}.Debug|Any CPU.Build.0 = Debug|Any CPU
		{7EC81300-1328-4B41-B3B4-BE080C23AFFC}.Release|Any CPU.ActiveCfg = Release|Any CPU
		{7EC81300-1328-4B41-B3B4-BE080C23AFFC}.Release|Any CPU.Build.0 = Release|Any CPU
	EndGlobalSection
	GlobalSection(SolutionProperties) = preSolution
		HideSolutionNode = FALSE
	EndGlobalSection
	GlobalSection(ExtensibilityGlobals) = postSolution
		SolutionGuid = {72796ECE-2762-4F6A-8687-54F961B50D43}
	EndGlobalSection
EndGlobal
